// !$*UTF8*$!
{
	archiveVersion = 1;
	classes = {
	};
	objectVersion = 50;
	objects = {

/* Begin PBXBuildFile section */
		A27693D42647613D00D0CAAF /* BreakfastView.swift in Sources */ = {isa = PBXBuildFile; fileRef = A27693D32647613D00D0CAAF /* BreakfastView.swift */; };
		A27693D62647618C00D0CAAF /* LunchView.swift in Sources */ = {isa = PBXBuildFile; fileRef = A27693D52647618C00D0CAAF /* LunchView.swift */; };
		A27693D82647619400D0CAAF /* DinnerView.swift in Sources */ = {isa = PBXBuildFile; fileRef = A27693D72647619400D0CAAF /* DinnerView.swift */; };
		A27693DE264763F400D0CAAF /* BreakfastService.swift in Sources */ = {isa = PBXBuildFile; fileRef = A27693DD264763F400D0CAAF /* BreakfastService.swift */; };
		A27693E02647640C00D0CAAF /* Breakfast.swift in Sources */ = {isa = PBXBuildFile; fileRef = A27693DF2647640C00D0CAAF /* Breakfast.swift */; };
		A27693E2264764F800D0CAAF /* BreakfastViewModel.swift in Sources */ = {isa = PBXBuildFile; fileRef = A27693E1264764F800D0CAAF /* BreakfastViewModel.swift */; };
		A27693E426476F3C00D0CAAF /* BreakfastDetailView.swift in Sources */ = {isa = PBXBuildFile; fileRef = A27693E326476F3C00D0CAAF /* BreakfastDetailView.swift */; };
		A27693E62647781500D0CAAF /* Lunch.swift in Sources */ = {isa = PBXBuildFile; fileRef = A27693E52647781500D0CAAF /* Lunch.swift */; };
		A27693E82647784100D0CAAF /* LunchService.swift in Sources */ = {isa = PBXBuildFile; fileRef = A27693E72647784100D0CAAF /* LunchService.swift */; };
		A27693EA2647788800D0CAAF /* LunchViewModel.swift in Sources */ = {isa = PBXBuildFile; fileRef = A27693E92647788800D0CAAF /* LunchViewModel.swift */; };
		A27693EC2647797300D0CAAF /* LunchDetailView.swift in Sources */ = {isa = PBXBuildFile; fileRef = A27693EB2647797300D0CAAF /* LunchDetailView.swift */; };
		A27693EE26477A5200D0CAAF /* Dinner.swift in Sources */ = {isa = PBXBuildFile; fileRef = A27693ED26477A5200D0CAAF /* Dinner.swift */; };
		A27693F026477A7000D0CAAF /* DinnerService.swift in Sources */ = {isa = PBXBuildFile; fileRef = A27693EF26477A7000D0CAAF /* DinnerService.swift */; };
		A27693F226477AA200D0CAAF /* DinnerViewModel.swift in Sources */ = {isa = PBXBuildFile; fileRef = A27693F126477AA200D0CAAF /* DinnerViewModel.swift */; };
		A27693F426477AF700D0CAAF /* DinnerDetailView.swift in Sources */ = {isa = PBXBuildFile; fileRef = A27693F326477AF700D0CAAF /* DinnerDetailView.swift */; };
		A29C73162644486300D63E1D /* recipe_appApp.swift in Sources */ = {isa = PBXBuildFile; fileRef = A29C73152644486300D63E1D /* recipe_appApp.swift */; };
		A29C73182644486300D63E1D /* ContentView.swift in Sources */ = {isa = PBXBuildFile; fileRef = A29C73172644486300D63E1D /* ContentView.swift */; };
		A29C731A2644486500D63E1D /* Assets.xcassets in Resources */ = {isa = PBXBuildFile; fileRef = A29C73192644486500D63E1D /* Assets.xcassets */; };
		A29C731D2644486500D63E1D /* Preview Assets.xcassets in Resources */ = {isa = PBXBuildFile; fileRef = A29C731C2644486500D63E1D /* Preview Assets.xcassets */; };
		A29C732726444B1400D63E1D /* ListView.swift in Sources */ = {isa = PBXBuildFile; fileRef = A29C732626444B1400D63E1D /* ListView.swift */; };
		A29C732926444B2D00D63E1D /* FavoriteView.swift in Sources */ = {isa = PBXBuildFile; fileRef = A29C732826444B2D00D63E1D /* FavoriteView.swift */; };
		A29C732B2644B7D600D63E1D /* Recipe.swift in Sources */ = {isa = PBXBuildFile; fileRef = A29C732A2644B7D600D63E1D /* Recipe.swift */; };
		A29C732D2644B99F00D63E1D /* RecipeService.swift in Sources */ = {isa = PBXBuildFile; fileRef = A29C732C2644B99F00D63E1D /* RecipeService.swift */; };
		A29C732F2644BB3000D63E1D /* RecipeViewModel.swift in Sources */ = {isa = PBXBuildFile; fileRef = A29C732E2644BB3000D63E1D /* RecipeViewModel.swift */; };
		A29C73332644BD9F00D63E1D /* CachedImageView.swift in Sources */ = {isa = PBXBuildFile; fileRef = A29C73322644BD9F00D63E1D /* CachedImageView.swift */; };
		A29C73352644CB6A00D63E1D /* WebView.swift in Sources */ = {isa = PBXBuildFile; fileRef = A29C73342644CB6A00D63E1D /* WebView.swift */; };
		A29C73392645985900D63E1D /* RecipeDetailView.swift in Sources */ = {isa = PBXBuildFile; fileRef = A29C73382645985800D63E1D /* RecipeDetailView.swift */; };
/* End PBXBuildFile section */

/* Begin PBXFileReference section */
		A27693D32647613D00D0CAAF /* BreakfastView.swift */ = {isa = PBXFileReference; lastKnownFileType = sourcecode.swift; path = BreakfastView.swift; sourceTree = "<group>"; };
		A27693D52647618C00D0CAAF /* LunchView.swift */ = {isa = PBXFileReference; lastKnownFileType = sourcecode.swift; path = LunchView.swift; sourceTree = "<group>"; };
		A27693D72647619400D0CAAF /* DinnerView.swift */ = {isa = PBXFileReference; lastKnownFileType = sourcecode.swift; path = DinnerView.swift; sourceTree = "<group>"; };
		A27693DD264763F400D0CAAF /* BreakfastService.swift */ = {isa = PBXFileReference; lastKnownFileType = sourcecode.swift; path = BreakfastService.swift; sourceTree = "<group>"; };
		A27693DF2647640C00D0CAAF /* Breakfast.swift */ = {isa = PBXFileReference; lastKnownFileType = sourcecode.swift; path = Breakfast.swift; sourceTree = "<group>"; };
		A27693E1264764F800D0CAAF /* BreakfastViewModel.swift */ = {isa = PBXFileReference; lastKnownFileType = sourcecode.swift; path = BreakfastViewModel.swift; sourceTree = "<group>"; };
		A27693E326476F3C00D0CAAF /* BreakfastDetailView.swift */ = {isa = PBXFileReference; lastKnownFileType = sourcecode.swift; path = BreakfastDetailView.swift; sourceTree = "<group>"; };
		A27693E52647781500D0CAAF /* Lunch.swift */ = {isa = PBXFileReference; lastKnownFileType = sourcecode.swift; path = Lunch.swift; sourceTree = "<group>"; };
		A27693E72647784100D0CAAF /* LunchService.swift */ = {isa = PBXFileReference; lastKnownFileType = sourcecode.swift; path = LunchService.swift; sourceTree = "<group>"; };
		A27693E92647788800D0CAAF /* LunchViewModel.swift */ = {isa = PBXFileReference; lastKnownFileType = sourcecode.swift; path = LunchViewModel.swift; sourceTree = "<group>"; };
		A27693EB2647797300D0CAAF /* LunchDetailView.swift */ = {isa = PBXFileReference; lastKnownFileType = sourcecode.swift; path = LunchDetailView.swift; sourceTree = "<group>"; };
		A27693ED26477A5200D0CAAF /* Dinner.swift */ = {isa = PBXFileReference; lastKnownFileType = sourcecode.swift; path = Dinner.swift; sourceTree = "<group>"; };
		A27693EF26477A7000D0CAAF /* DinnerService.swift */ = {isa = PBXFileReference; lastKnownFileType = sourcecode.swift; path = DinnerService.swift; sourceTree = "<group>"; };
		A27693F126477AA200D0CAAF /* DinnerViewModel.swift */ = {isa = PBXFileReference; lastKnownFileType = sourcecode.swift; path = DinnerViewModel.swift; sourceTree = "<group>"; };
		A27693F326477AF700D0CAAF /* DinnerDetailView.swift */ = {isa = PBXFileReference; lastKnownFileType = sourcecode.swift; path = DinnerDetailView.swift; sourceTree = "<group>"; };
		A29C73122644486300D63E1D /* recipe-app.app */ = {isa = PBXFileReference; explicitFileType = wrapper.application; includeInIndex = 0; path = "recipe-app.app"; sourceTree = BUILT_PRODUCTS_DIR; };
		A29C73152644486300D63E1D /* recipe_appApp.swift */ = {isa = PBXFileReference; lastKnownFileType = sourcecode.swift; path = recipe_appApp.swift; sourceTree = "<group>"; };
		A29C73172644486300D63E1D /* ContentView.swift */ = {isa = PBXFileReference; lastKnownFileType = sourcecode.swift; path = ContentView.swift; sourceTree = "<group>"; };
		A29C73192644486500D63E1D /* Assets.xcassets */ = {isa = PBXFileReference; lastKnownFileType = folder.assetcatalog; path = Assets.xcassets; sourceTree = "<group>"; };
		A29C731C2644486500D63E1D /* Preview Assets.xcassets */ = {isa = PBXFileReference; lastKnownFileType = folder.assetcatalog; path = "Preview Assets.xcassets"; sourceTree = "<group>"; };
		A29C731E2644486500D63E1D /* Info.plist */ = {isa = PBXFileReference; lastKnownFileType = text.plist.xml; path = Info.plist; sourceTree = "<group>"; };
		A29C732626444B1400D63E1D /* ListView.swift */ = {isa = PBXFileReference; lastKnownFileType = sourcecode.swift; path = ListView.swift; sourceTree = "<group>"; };
		A29C732826444B2D00D63E1D /* FavoriteView.swift */ = {isa = PBXFileReference; lastKnownFileType = sourcecode.swift; path = FavoriteView.swift; sourceTree = "<group>"; };
		A29C732A2644B7D600D63E1D /* Recipe.swift */ = {isa = PBXFileReference; lastKnownFileType = sourcecode.swift; path = Recipe.swift; sourceTree = "<group>"; };
		A29C732C2644B99F00D63E1D /* RecipeService.swift */ = {isa = PBXFileReference; lastKnownFileType = sourcecode.swift; path = RecipeService.swift; sourceTree = "<group>"; };
		A29C732E2644BB3000D63E1D /* RecipeViewModel.swift */ = {isa = PBXFileReference; lastKnownFileType = sourcecode.swift; path = RecipeViewModel.swift; sourceTree = "<group>"; };
		A29C73322644BD9F00D63E1D /* CachedImageView.swift */ = {isa = PBXFileReference; lastKnownFileType = sourcecode.swift; path = CachedImageView.swift; sourceTree = "<group>"; };
		A29C73342644CB6A00D63E1D /* WebView.swift */ = {isa = PBXFileReference; lastKnownFileType = sourcecode.swift; path = WebView.swift; sourceTree = "<group>"; };
		A29C73382645985800D63E1D /* RecipeDetailView.swift */ = {isa = PBXFileReference; lastKnownFileType = sourcecode.swift; path = RecipeDetailView.swift; sourceTree = "<group>"; };
/* End PBXFileReference section */

/* Begin PBXFrameworksBuildPhase section */
		A29C730F2644486300D63E1D /* Frameworks */ = {
			isa = PBXFrameworksBuildPhase;
			buildActionMask = 2147483647;
			files = (
			);
			runOnlyForDeploymentPostprocessing = 0;
		};
/* End PBXFrameworksBuildPhase section */

/* Begin PBXGroup section */
		A27693D92647632F00D0CAAF /* Views */ = {
			isa = PBXGroup;
			children = (
				A27693F526477CFB00D0CAAF /* DetailViews */,
				A29C732626444B1400D63E1D /* ListView.swift */,
				A27693D32647613D00D0CAAF /* BreakfastView.swift */,
				A27693D52647618C00D0CAAF /* LunchView.swift */,
				A27693D72647619400D0CAAF /* DinnerView.swift */,
			);
			path = Views;
			sourceTree = "<group>";
		};
		A27693DA2647637600D0CAAF /* ViewModels */ = {
			isa = PBXGroup;
			children = (
				A29C732E2644BB3000D63E1D /* RecipeViewModel.swift */,
				A27693E1264764F800D0CAAF /* BreakfastViewModel.swift */,
				A27693E92647788800D0CAAF /* LunchViewModel.swift */,
				A27693F126477AA200D0CAAF /* DinnerViewModel.swift */,
			);
			path = ViewModels;
			sourceTree = "<group>";
		};
		A27693DB2647638300D0CAAF /* Services */ = {
			isa = PBXGroup;
			children = (
				A29C732C2644B99F00D63E1D /* RecipeService.swift */,
				A27693DD264763F400D0CAAF /* BreakfastService.swift */,
				A27693E72647784100D0CAAF /* LunchService.swift */,
				A27693EF26477A7000D0CAAF /* DinnerService.swift */,
			);
			path = Services;
			sourceTree = "<group>";
		};
		A27693DC2647639200D0CAAF /* Recipes */ = {
			isa = PBXGroup;
			children = (
				A29C732A2644B7D600D63E1D /* Recipe.swift */,
				A27693DF2647640C00D0CAAF /* Breakfast.swift */,
				A27693E52647781500D0CAAF /* Lunch.swift */,
				A27693ED26477A5200D0CAAF /* Dinner.swift */,
			);
			path = Recipes;
			sourceTree = "<group>";
		};
		A27693F526477CFB00D0CAAF /* DetailViews */ = {
			isa = PBXGroup;
			children = (
				A29C73382645985800D63E1D /* RecipeDetailView.swift */,
				A27693E326476F3C00D0CAAF /* BreakfastDetailView.swift */,
				A27693EB2647797300D0CAAF /* LunchDetailView.swift */,
				A27693F326477AF700D0CAAF /* DinnerDetailView.swift */,
			);
			path = DetailViews;
			sourceTree = "<group>";
		};
		A29C73092644486300D63E1D = {
			isa = PBXGroup;
			children = (
				A29C73142644486300D63E1D /* recipe-app */,
				A29C73132644486300D63E1D /* Products */,
			);
			sourceTree = "<group>";
		};
		A29C73132644486300D63E1D /* Products */ = {
			isa = PBXGroup;
			children = (
				A29C73122644486300D63E1D /* recipe-app.app */,
			);
			name = Products;
			sourceTree = "<group>";
		};
		A29C73142644486300D63E1D /* recipe-app */ = {
			isa = PBXGroup;
			children = (
				A27693DC2647639200D0CAAF /* Recipes */,
				A27693DB2647638300D0CAAF /* Services */,
				A27693DA2647637600D0CAAF /* ViewModels */,
				A27693D92647632F00D0CAAF /* Views */,
				A29C73152644486300D63E1D /* recipe_appApp.swift */,
				A29C73172644486300D63E1D /* ContentView.swift */,
				A29C73192644486500D63E1D /* Assets.xcassets */,
				A29C731E2644486500D63E1D /* Info.plist */,
				A29C731B2644486500D63E1D /* Preview Content */,
				A29C732826444B2D00D63E1D /* FavoriteView.swift */,
				A29C73322644BD9F00D63E1D /* CachedImageView.swift */,
				A29C73342644CB6A00D63E1D /* WebView.swift */,
			);
			path = "recipe-app";
			sourceTree = "<group>";
		};
		A29C731B2644486500D63E1D /* Preview Content */ = {
			isa = PBXGroup;
			children = (
				A29C731C2644486500D63E1D /* Preview Assets.xcassets */,
			);
			path = "Preview Content";
			sourceTree = "<group>";
		};
/* End PBXGroup section */

/* Begin PBXNativeTarget section */
		A29C73112644486300D63E1D /* recipe-app */ = {
			isa = PBXNativeTarget;
			buildConfigurationList = A29C73212644486500D63E1D /* Build configuration list for PBXNativeTarget "recipe-app" */;
			buildPhases = (
				A29C730E2644486300D63E1D /* Sources */,
				A29C730F2644486300D63E1D /* Frameworks */,
				A29C73102644486300D63E1D /* Resources */,
			);
			buildRules = (
			);
			dependencies = (
			);
			name = "recipe-app";
			productName = "recipe-app";
			productReference = A29C73122644486300D63E1D /* recipe-app.app */;
			productType = "com.apple.product-type.application";
		};
/* End PBXNativeTarget section */

/* Begin PBXProject section */
		A29C730A2644486300D63E1D /* Project object */ = {
			isa = PBXProject;
			attributes = {
				LastSwiftUpdateCheck = 1250;
				LastUpgradeCheck = 1250;
				TargetAttributes = {
					A29C73112644486300D63E1D = {
						CreatedOnToolsVersion = 12.5;
					};
				};
			};
			buildConfigurationList = A29C730D2644486300D63E1D /* Build configuration list for PBXProject "recipe-app" */;
			compatibilityVersion = "Xcode 9.3";
			developmentRegion = en;
			hasScannedForEncodings = 0;
			knownRegions = (
				en,
				Base,
			);
			mainGroup = A29C73092644486300D63E1D;
			productRefGroup = A29C73132644486300D63E1D /* Products */;
			projectDirPath = "";
			projectRoot = "";
			targets = (
				A29C73112644486300D63E1D /* recipe-app */,
			);
		};
/* End PBXProject section */

/* Begin PBXResourcesBuildPhase section */
		A29C73102644486300D63E1D /* Resources */ = {
			isa = PBXResourcesBuildPhase;
			buildActionMask = 2147483647;
			files = (
				A29C731D2644486500D63E1D /* Preview Assets.xcassets in Resources */,
				A29C731A2644486500D63E1D /* Assets.xcassets in Resources */,
			);
			runOnlyForDeploymentPostprocessing = 0;
		};
/* End PBXResourcesBuildPhase section */

/* Begin PBXSourcesBuildPhase section */
		A29C730E2644486300D63E1D /* Sources */ = {
			isa = PBXSourcesBuildPhase;
			buildActionMask = 2147483647;
			files = (
				A29C732926444B2D00D63E1D /* FavoriteView.swift in Sources */,
				A29C73392645985900D63E1D /* RecipeDetailView.swift in Sources */,
				A27693E2264764F800D0CAAF /* BreakfastViewModel.swift in Sources */,
				A27693E02647640C00D0CAAF /* Breakfast.swift in Sources */,
				A27693D82647619400D0CAAF /* DinnerView.swift in Sources */,
				A29C73352644CB6A00D63E1D /* WebView.swift in Sources */,
				A29C732D2644B99F00D63E1D /* RecipeService.swift in Sources */,
				A27693EE26477A5200D0CAAF /* Dinner.swift in Sources */,
				A29C73182644486300D63E1D /* ContentView.swift in Sources */,
				A29C732F2644BB3000D63E1D /* RecipeViewModel.swift in Sources */,
				A29C73162644486300D63E1D /* recipe_appApp.swift in Sources */,
				A27693E426476F3C00D0CAAF /* BreakfastDetailView.swift in Sources */,
				A27693F226477AA200D0CAAF /* DinnerViewModel.swift in Sources */,
				A27693D42647613D00D0CAAF /* BreakfastView.swift in Sources */,
				A27693F026477A7000D0CAAF /* DinnerService.swift in Sources */,
				A29C732726444B1400D63E1D /* ListView.swift in Sources */,
				A27693EA2647788800D0CAAF /* LunchViewModel.swift in Sources */,
				A29C73332644BD9F00D63E1D /* CachedImageView.swift in Sources */,
				A29C732B2644B7D600D63E1D /* Recipe.swift in Sources */,
				A27693F426477AF700D0CAAF /* DinnerDetailView.swift in Sources */,
				A27693D62647618C00D0CAAF /* LunchView.swift in Sources */,
				A27693E62647781500D0CAAF /* Lunch.swift in Sources */,
				A27693E82647784100D0CAAF /* LunchService.swift in Sources */,
				A27693DE264763F400D0CAAF /* BreakfastService.swift in Sources */,
				A27693EC2647797300D0CAAF /* LunchDetailView.swift in Sources */,
			);
			runOnlyForDeploymentPostprocessing = 0;
		};
/* End PBXSourcesBuildPhase section */

/* Begin XCBuildConfiguration section */
		A29C731F2644486500D63E1D /* Debug */ = {
			isa = XCBuildConfiguration;
			buildSettings = {
				ALWAYS_SEARCH_USER_PATHS = NO;
				CLANG_ANALYZER_NONNULL = YES;
				CLANG_ANALYZER_NUMBER_OBJECT_CONVERSION = YES_AGGRESSIVE;
				CLANG_CXX_LANGUAGE_STANDARD = "gnu++14";
				CLANG_CXX_LIBRARY = "libc++";
				CLANG_ENABLE_MODULES = YES;
				CLANG_ENABLE_OBJC_ARC = YES;
				CLANG_ENABLE_OBJC_WEAK = YES;
				CLANG_WARN_BLOCK_CAPTURE_AUTORELEASING = YES;
				CLANG_WARN_BOOL_CONVERSION = YES;
				CLANG_WARN_COMMA = YES;
				CLANG_WARN_CONSTANT_CONVERSION = YES;
				CLANG_WARN_DEPRECATED_OBJC_IMPLEMENTATIONS = YES;
				CLANG_WARN_DIRECT_OBJC_ISA_USAGE = YES_ERROR;
				CLANG_WARN_DOCUMENTATION_COMMENTS = YES;
				CLANG_WARN_EMPTY_BODY = YES;
				CLANG_WARN_ENUM_CONVERSION = YES;
				CLANG_WARN_INFINITE_RECURSION = YES;
				CLANG_WARN_INT_CONVERSION = YES;
				CLANG_WARN_NON_LITERAL_NULL_CONVERSION = YES;
				CLANG_WARN_OBJC_IMPLICIT_RETAIN_SELF = YES;
				CLANG_WARN_OBJC_LITERAL_CONVERSION = YES;
				CLANG_WARN_OBJC_ROOT_CLASS = YES_ERROR;
				CLANG_WARN_QUOTED_INCLUDE_IN_FRAMEWORK_HEADER = YES;
				CLANG_WARN_RANGE_LOOP_ANALYSIS = YES;
				CLANG_WARN_STRICT_PROTOTYPES = YES;
				CLANG_WARN_SUSPICIOUS_MOVE = YES;
				CLANG_WARN_UNGUARDED_AVAILABILITY = YES_AGGRESSIVE;
				CLANG_WARN_UNREACHABLE_CODE = YES;
				CLANG_WARN__DUPLICATE_METHOD_MATCH = YES;
				COPY_PHASE_STRIP = NO;
				DEBUG_INFORMATION_FORMAT = dwarf;
				ENABLE_STRICT_OBJC_MSGSEND = YES;
				ENABLE_TESTABILITY = YES;
				GCC_C_LANGUAGE_STANDARD = gnu11;
				GCC_DYNAMIC_NO_PIC = NO;
				GCC_NO_COMMON_BLOCKS = YES;
				GCC_OPTIMIZATION_LEVEL = 0;
				GCC_PREPROCESSOR_DEFINITIONS = (
					"DEBUG=1",
					"$(inherited)",
				);
				GCC_WARN_64_TO_32_BIT_CONVERSION = YES;
				GCC_WARN_ABOUT_RETURN_TYPE = YES_ERROR;
				GCC_WARN_UNDECLARED_SELECTOR = YES;
				GCC_WARN_UNINITIALIZED_AUTOS = YES_AGGRESSIVE;
				GCC_WARN_UNUSED_FUNCTION = YES;
				GCC_WARN_UNUSED_VARIABLE = YES;
				IPHONEOS_DEPLOYMENT_TARGET = 14.5;
				MTL_ENABLE_DEBUG_INFO = INCLUDE_SOURCE;
				MTL_FAST_MATH = YES;
				ONLY_ACTIVE_ARCH = YES;
				SDKROOT = iphoneos;
				SWIFT_ACTIVE_COMPILATION_CONDITIONS = DEBUG;
				SWIFT_OPTIMIZATION_LEVEL = "-Onone";
			};
			name = Debug;
		};
		A29C73202644486500D63E1D /* Release */ = {
			isa = XCBuildConfiguration;
			buildSettings = {
				ALWAYS_SEARCH_USER_PATHS = NO;
				CLANG_ANALYZER_NONNULL = YES;
				CLANG_ANALYZER_NUMBER_OBJECT_CONVERSION = YES_AGGRESSIVE;
				CLANG_CXX_LANGUAGE_STANDARD = "gnu++14";
				CLANG_CXX_LIBRARY = "libc++";
				CLANG_ENABLE_MODULES = YES;
				CLANG_ENABLE_OBJC_ARC = YES;
				CLANG_ENABLE_OBJC_WEAK = YES;
				CLANG_WARN_BLOCK_CAPTURE_AUTORELEASING = YES;
				CLANG_WARN_BOOL_CONVERSION = YES;
				CLANG_WARN_COMMA = YES;
				CLANG_WARN_CONSTANT_CONVERSION = YES;
				CLANG_WARN_DEPRECATED_OBJC_IMPLEMENTATIONS = YES;
				CLANG_WARN_DIRECT_OBJC_ISA_USAGE = YES_ERROR;
				CLANG_WARN_DOCUMENTATION_COMMENTS = YES;
				CLANG_WARN_EMPTY_BODY = YES;
				CLANG_WARN_ENUM_CONVERSION = YES;
				CLANG_WARN_INFINITE_RECURSION = YES;
				CLANG_WARN_INT_CONVERSION = YES;
				CLANG_WARN_NON_LITERAL_NULL_CONVERSION = YES;
				CLANG_WARN_OBJC_IMPLICIT_RETAIN_SELF = YES;
				CLANG_WARN_OBJC_LITERAL_CONVERSION = YES;
				CLANG_WARN_OBJC_ROOT_CLASS = YES_ERROR;
				CLANG_WARN_QUOTED_INCLUDE_IN_FRAMEWORK_HEADER = YES;
				CLANG_WARN_RANGE_LOOP_ANALYSIS = YES;
				CLANG_WARN_STRICT_PROTOTYPES = YES;
				CLANG_WARN_SUSPICIOUS_MOVE = YES;
				CLANG_WARN_UNGUARDED_AVAILABILITY = YES_AGGRESSIVE;
				CLANG_WARN_UNREACHABLE_CODE = YES;
				CLANG_WARN__DUPLICATE_METHOD_MATCH = YES;
				COPY_PHASE_STRIP = NO;
				DEBUG_INFORMATION_FORMAT = "dwarf-with-dsym";
				ENABLE_NS_ASSERTIONS = NO;
				ENABLE_STRICT_OBJC_MSGSEND = YES;
				GCC_C_LANGUAGE_STANDARD = gnu11;
				GCC_NO_COMMON_BLOCKS = YES;
				GCC_WARN_64_TO_32_BIT_CONVERSION = YES;
				GCC_WARN_ABOUT_RETURN_TYPE = YES_ERROR;
				GCC_WARN_UNDECLARED_SELECTOR = YES;
				GCC_WARN_UNINITIALIZED_AUTOS = YES_AGGRESSIVE;
				GCC_WARN_UNUSED_FUNCTION = YES;
				GCC_WARN_UNUSED_VARIABLE = YES;
				IPHONEOS_DEPLOYMENT_TARGET = 14.5;
				MTL_ENABLE_DEBUG_INFO = NO;
				MTL_FAST_MATH = YES;
				SDKROOT = iphoneos;
				SWIFT_COMPILATION_MODE = wholemodule;
				SWIFT_OPTIMIZATION_LEVEL = "-O";
				VALIDATE_PRODUCT = YES;
			};
			name = Release;
		};
		A29C73222644486500D63E1D /* Debug */ = {
			isa = XCBuildConfiguration;
			buildSettings = {
				ASSETCATALOG_COMPILER_APPICON_NAME = AppIcon;
				ASSETCATALOG_COMPILER_GLOBAL_ACCENT_COLOR_NAME = AccentColor;
				CODE_SIGN_STYLE = Automatic;
				DEVELOPMENT_ASSET_PATHS = "\"recipe-app/Preview Content\"";
				ENABLE_PREVIEWS = YES;
				INFOPLIST_FILE = "recipe-app/Info.plist";
				IPHONEOS_DEPLOYMENT_TARGET = 14.0;
				LD_RUNPATH_SEARCH_PATHS = (
					"$(inherited)",
					"@executable_path/Frameworks",
				);
				PRODUCT_BUNDLE_IDENTIFIER = "com.bradmarin.recipe-app";
				PRODUCT_NAME = "$(TARGET_NAME)";
				SWIFT_VERSION = 5.0;
				TARGETED_DEVICE_FAMILY = "1,2";
			};
			name = Debug;
		};
		A29C73232644486500D63E1D /* Release */ = {
			isa = XCBuildConfiguration;
			buildSettings = {
				ASSETCATALOG_COMPILER_APPICON_NAME = AppIcon;
				ASSETCATALOG_COMPILER_GLOBAL_ACCENT_COLOR_NAME = AccentColor;
				CODE_SIGN_STYLE = Automatic;
				DEVELOPMENT_ASSET_PATHS = "\"recipe-app/Preview Content\"";
				ENABLE_PREVIEWS = YES;
				INFOPLIST_FILE = "recipe-app/Info.plist";
				IPHONEOS_DEPLOYMENT_TARGET = 14.0;
				LD_RUNPATH_SEARCH_PATHS = (
					"$(inherited)",
					"@executable_path/Frameworks",
				);
				PRODUCT_BUNDLE_IDENTIFIER = "com.bradmarin.recipe-app";
				PRODUCT_NAME = "$(TARGET_NAME)";
				SWIFT_VERSION = 5.0;
				TARGETED_DEVICE_FAMILY = "1,2";
			};
			name = Release;
		};
/* End XCBuildConfiguration section */

/* Begin XCConfigurationList section */
		A29C730D2644486300D63E1D /* Build configuration list for PBXProject "recipe-app" */ = {
			isa = XCConfigurationList;
			buildConfigurations = (
				A29C731F2644486500D63E1D /* Debug */,
				A29C73202644486500D63E1D /* Release */,
			);
			defaultConfigurationIsVisible = 0;
			defaultConfigurationName = Release;
		};
		A29C73212644486500D63E1D /* Build configuration list for PBXNativeTarget "recipe-app" */ = {
			isa = XCConfigurationList;
			buildConfigurations = (
				A29C73222644486500D63E1D /* Debug */,
				A29C73232644486500D63E1D /* Release */,
			);
			defaultConfigurationIsVisible = 0;
			defaultConfigurationName = Release;
		};
/* End XCConfigurationList section */
	};
	rootObject = A29C730A2644486300D63E1D /* Project object */;
}
